
Microsoft Visual Studio Solution File, Format Version 12.00
# Visual Studio Version 16
VisualStudioVersion = 16.0.31112.23
MinimumVisualStudioVersion = 10.0.40219.1
Project("{9A19103F-16F7-4668-BE54-9A1E7A4F7556}") = "CinemaTicket", "CinemaTicket\CinemaTicket.csproj", "{F836C654-CF1F-4C60-8544-19C5EDB0092E}"
EndProject
Project("{9A19103F-16F7-4668-BE54-9A1E7A4F7556}") = "CinemaLib", "CinemaLib\CinemaLib.csproj", "{821454C9-3A24-4C27-8DFD-5CD1E857A421}"
EndProject
Global
	GlobalSection(SolutionConfigurationPlatforms) = preSolution
		Debug|Any CPU = Debug|Any CPU
		Release|Any CPU = Release|Any CPU
	EndGlobalSection
	GlobalSection(ProjectConfigurationPlatforms) = postSolution
		{F836C654-CF1F-4C60-8544-19C5EDB0092E}.Debug|Any CPU.ActiveCfg = Debug|Any CPU
		{F836C654-CF1F-4C60-8544-19C5EDB0092E}.Debug|Any CPU.Build.0 = Debug|Any CPU
		{F836C654-CF1F-4C60-8544-19C5EDB0092E}.Release|Any CPU.ActiveCfg = Release|Any CPU
		{F836C654-CF1F-4C60-8544-19C5EDB0092E}.Release|Any CPU.Build.0 = Release|Any CPU
		{821454C9-3A24-4C27-8DFD-5CD1E857A421}.Debug|Any CPU.ActiveCfg = Debug|Any CPU
		{821454C9-3A24-4C27-8DFD-5CD1E857A421}.Debug|Any CPU.Build.0 = Debug|Any CPU
		{821454C9-3A24-4C27-8DFD-5CD1E857A421}.Release|Any CPU.ActiveCfg = Release|Any CPU
		{821454C9-3A24-4C27-8DFD-5CD1E857A421}.Release|Any CPU.Build.0 = Release|Any CPU
	EndGlobalSection
	GlobalSection(SolutionProperties) = preSolution
		HideSolutionNode = FALSE
	EndGlobalSection
	GlobalSection(ExtensibilityGlobals) = postSolution
		SolutionGuid = {9E1C506C-059A-4D99-A43B-65C5C680E39C}
	EndGlobalSection
EndGlobal
